
Microsoft Visual Studio Solution File, Format Version 12.00
# Visual Studio Version 17
VisualStudioVersion = 17.5.002.0
MinimumVisualStudioVersion = 10.0.40219.1
Project("{9A19103F-16F7-4668-BE54-9A1E7A4F7556}") = "tinhngay", "tinhngay.csproj", "{A2B9EAA7-DE5D-41F6-ABBF-B21627B0657F}"
EndProject
Global
	GlobalSection(SolutionConfigurationPlatforms) = preSolution
		Debug|Any CPU = Debug|Any CPU
		Release|Any CPU = Release|Any CPU
	EndGlobalSection
	GlobalSection(ProjectConfigurationPlatforms) = postSolution
		{A2B9EAA7-DE5D-41F6-ABBF-B21627B0657F}.Debug|Any CPU.ActiveCfg = Debug|Any CPU
		{A2B9EAA7-DE5D-41F6-ABBF-B21627B0657F}.Debug|Any CPU.Build.0 = Debug|Any CPU
		{A2B9EAA7-DE5D-41F6-ABBF-B21627B0657F}.Release|Any CPU.ActiveCfg = Release|Any CPU
		{A2B9EAA7-DE5D-41F6-ABBF-B21627B0657F}.Release|Any CPU.Build.0 = Release|Any CPU
	EndGlobalSection
	GlobalSection(SolutionProperties) = preSolution
		HideSolutionNode = FALSE
	EndGlobalSection
	GlobalSection(ExtensibilityGlobals) = postSolution
		SolutionGuid = {B8030DA2-494F-47D5-9FAD-04334F7567E8}
	EndGlobalSection
EndGlobal
